
Microsoft Visual Studio Solution File, Format Version 12.00
# Visual Studio Version 16
VisualStudioVersion = 16.0.31702.278
MinimumVisualStudioVersion = 10.0.40219.1
Project("{FAE04EC0-301F-11D3-BF4B-00C04F79EFBC}") = "L13_RAMS_1018822_", "L13_RAMS_1018822_.csproj", "{C261F702-F5A7-49E1-99AB-97F776DAC931}"
EndProject
Global
	GlobalSection(SolutionConfigurationPlatforms) = preSolution
		Debug|Any CPU = Debug|Any CPU
		Release|Any CPU = Release|Any CPU
	EndGlobalSection
	GlobalSection(ProjectConfigurationPlatforms) = postSolution
		{C261F702-F5A7-49E1-99AB-97F776DAC931}.Debug|Any CPU.ActiveCfg = Debug|Any CPU
		{C261F702-F5A7-49E1-99AB-97F776DAC931}.Debug|Any CPU.Build.0 = Debug|Any CPU
		{C261F702-F5A7-49E1-99AB-97F776DAC931}.Release|Any CPU.ActiveCfg = Release|Any CPU
		{C261F702-F5A7-49E1-99AB-97F776DAC931}.Release|Any CPU.Build.0 = Release|Any CPU
	EndGlobalSection
	GlobalSection(SolutionProperties) = preSolution
		HideSolutionNode = FALSE
	EndGlobalSection
	GlobalSection(ExtensibilityGlobals) = postSolution
		SolutionGuid = {D5ADB0BB-0EEE-487A-8498-EA100CE8F0C4}
	EndGlobalSection
EndGlobal
